
Microsoft Visual Studio Solution File, Format Version 12.00
# Visual Studio Version 17
VisualStudioVersion = 17.6.33723.286
MinimumVisualStudioVersion = 10.0.40219.1
Project("{FAE04EC0-301F-11D3-BF4B-00C04F79EFBC}") = "WatchList", "WatchList\WatchList.csproj", "{A8BF29D2-A03A-4513-A559-8C873FE4D1A7}"
EndProject
Global
	GlobalSection(SolutionConfigurationPlatforms) = preSolution
		Debug|Any CPU = Debug|Any CPU
		Release|Any CPU = Release|Any CPU
	EndGlobalSection
	GlobalSection(ProjectConfigurationPlatforms) = postSolution
		{A8BF29D2-A03A-4513-A559-8C873FE4D1A7}.Debug|Any CPU.ActiveCfg = Debug|Any CPU
		{A8BF29D2-A03A-4513-A559-8C873FE4D1A7}.Debug|Any CPU.Build.0 = Debug|Any CPU
		{A8BF29D2-A03A-4513-A559-8C873FE4D1A7}.Release|Any CPU.ActiveCfg = Release|Any CPU
		{A8BF29D2-A03A-4513-A559-8C873FE4D1A7}.Release|Any CPU.Build.0 = Release|Any CPU
	EndGlobalSection
	GlobalSection(SolutionProperties) = preSolution
		HideSolutionNode = FALSE
	EndGlobalSection
	GlobalSection(ExtensibilityGlobals) = postSolution
		SolutionGuid = {46874ACE-FD20-4275-945C-BD5DBB483151}
	EndGlobalSection
EndGlobal
